{
  "name": "tutorial-1",
  "version": "1.0.0",
  "lockfileVersion": 2,
  "requires": true,
  "packages": {
    "": {
      "name": "tutorial-1",
      "version": "1.0.0",
      "license": "Apache-2.0",
      "dependencies": {
        "hello": "^1.0.0"
      }
    },
    "node_modules/hello": {
      "version": "1.0.0",
      "license": "Apache-2.0"
    }
  },
  "dependencies": {
    "hello": {
      "version": "1.0.0"
    }
  }
}
